
Microsoft Visual Studio Solution File, Format Version 12.00
# Visual Studio Version 17
VisualStudioVersion = 17.4.33205.214
MinimumVisualStudioVersion = 10.0.40219.1
Project("{FAE04EC0-301F-11D3-BF4B-00C04F79EFBC}") = "Sorting", "Sorting\Sorting.csproj", "{70FF93C9-59A0-4211-A9B4-62E56E58AD07}"
EndProject
Global
	GlobalSection(SolutionConfigurationPlatforms) = preSolution
		Debug|Any CPU = Debug|Any CPU
		Release|Any CPU = Release|Any CPU
	EndGlobalSection
	GlobalSection(ProjectConfigurationPlatforms) = postSolution
		{70FF93C9-59A0-4211-A9B4-62E56E58AD07}.Debug|Any CPU.ActiveCfg = Debug|Any CPU
		{70FF93C9-59A0-4211-A9B4-62E56E58AD07}.Debug|Any CPU.Build.0 = Debug|Any CPU
		{70FF93C9-59A0-4211-A9B4-62E56E58AD07}.Release|Any CPU.ActiveCfg = Release|Any CPU
		{70FF93C9-59A0-4211-A9B4-62E56E58AD07}.Release|Any CPU.Build.0 = Release|Any CPU
	EndGlobalSection
	GlobalSection(SolutionProperties) = preSolution
		HideSolutionNode = FALSE
	EndGlobalSection
	GlobalSection(ExtensibilityGlobals) = postSolution
		SolutionGuid = {411E4E73-5CAD-4358-AF1B-59BD671188A8}
	EndGlobalSection
EndGlobal
